{
  "version": 4,
  "terraform_version": "1.4.2",
  "serial": 1,
  "lineage": "df6cfcce-c307-d04c-59b5-6882e71d6620",
  "outputs": {},
  "resources": [
    {
      "mode": "managed",
      "type": "local_file",
      "name": "test",
      "provider": "provider[\"registry.terraform.io/hashicorp/local\"]",
      "instances": [
        {
          "schema_version": 0,
          "attributes": {
            "content": "This is a Activity given by Khaja Sir...",
            "content_base64": null,
            "content_base64sha256": "w9+z7KyD45glyZbJVuqk2uDTzQDXHuKHPuiNI8Q7a6g=",
            "content_base64sha512": "0e68+l63y2jtgaujw0AN0N+8MBmRWD/eIDeX6gWy+VCB50nbo8o313V+rvx6LG95EYxvhnXOH3O2doAhOxvrSQ==",
            "content_md5": "ed12f09b4f4db8fb84a83bc4ce1e9f70",
            "content_sha1": "5aee380d6e95213969ab1bb7d6650cc6b44214b7",
            "content_sha256": "c3dfb3ecac83e39825c996c956eaa4dae0d3cd00d71ee2873ee88d23c43b6ba8",
            "content_sha512": "d1eebcfa5eb7cb68ed81aba3c3400dd0dfbc301991583fde203797ea05b2f95081e749dba3ca37d7757eaefc7a2c6f79118c6f8675ce1f73b67680213b1beb49",
            "directory_permission": "0777",
            "file_permission": "0777",
            "filename": "./test.txt",
            "id": "5aee380d6e95213969ab1bb7d6650cc6b44214b7",
            "sensitive_content": null,
            "source": null
          },
          "sensitive_attributes": []
        }
      ]
    }
  ],
  "check_results": null
}
