{
  "version": 4,
  "terraform_version": "1.4.2",
  "serial": 3,
  "lineage": "c470b8b4-68e7-61ae-fc7c-edfdd9a2515e",
  "outputs": {},
  "resources": [
    {
      "mode": "managed",
      "type": "aws_vpc",
      "name": "hyderabad",
      "provider": "provider[\"registry.terraform.io/hashicorp/aws\"].hyderabad",
      "instances": [
        {
          "schema_version": 1,
          "attributes": {
            "arn": "arn:aws:ec2:ap-south-2:196980069350:vpc/vpc-086eccd73442fc874",
            "assign_generated_ipv6_cidr_block": false,
            "cidr_block": "172.16.0.0/16",
            "default_network_acl_id": "acl-012fe5e0123f2e94a",
            "default_route_table_id": "rtb-0c1a0bb557d45c43c",
            "default_security_group_id": "sg-07ce5a41e34b478ac",
            "dhcp_options_id": "dopt-0ece436142cad119f",
            "enable_classiclink": false,
            "enable_classiclink_dns_support": false,
            "enable_dns_hostnames": false,
            "enable_dns_support": true,
            "enable_network_address_usage_metrics": false,
            "id": "vpc-086eccd73442fc874",
            "instance_tenancy": "default",
            "ipv4_ipam_pool_id": null,
            "ipv4_netmask_length": null,
            "ipv6_association_id": "",
            "ipv6_cidr_block": "",
            "ipv6_cidr_block_network_border_group": "",
            "ipv6_ipam_pool_id": "",
            "ipv6_netmask_length": 0,
            "main_route_table_id": "rtb-0c1a0bb557d45c43c",
            "owner_id": "196980069350",
            "tags": null,
            "tags_all": {}
          },
          "sensitive_attributes": [],
          "private": "eyJzY2hlbWFfdmVyc2lvbiI6IjEifQ=="
        }
      ]
    },
    {
      "mode": "managed",
      "type": "aws_vpc",
      "name": "mumbai",
      "provider": "provider[\"registry.terraform.io/hashicorp/aws\"].mumbai",
      "instances": [
        {
          "schema_version": 1,
          "attributes": {
            "arn": "arn:aws:ec2:ap-south-1:196980069350:vpc/vpc-07172d26330ad1fbc",
            "assign_generated_ipv6_cidr_block": false,
            "cidr_block": "192.168.0.0/16",
            "default_network_acl_id": "acl-0543c51a75abd839d",
            "default_route_table_id": "rtb-0307a8a423cb4d595",
            "default_security_group_id": "sg-002a004623f437681",
            "dhcp_options_id": "dopt-06218f93fa3bfeaab",
            "enable_classiclink": false,
            "enable_classiclink_dns_support": false,
            "enable_dns_hostnames": false,
            "enable_dns_support": true,
            "enable_network_address_usage_metrics": false,
            "id": "vpc-07172d26330ad1fbc",
            "instance_tenancy": "default",
            "ipv4_ipam_pool_id": null,
            "ipv4_netmask_length": null,
            "ipv6_association_id": "",
            "ipv6_cidr_block": "",
            "ipv6_cidr_block_network_border_group": "",
            "ipv6_ipam_pool_id": "",
            "ipv6_netmask_length": 0,
            "main_route_table_id": "rtb-0307a8a423cb4d595",
            "owner_id": "196980069350",
            "tags": null,
            "tags_all": {}
          },
          "sensitive_attributes": [],
          "private": "eyJzY2hlbWFfdmVyc2lvbiI6IjEifQ=="
        }
      ]
    }
  ],
  "check_results": null
}
